
Microsoft Visual Studio Solution File, Format Version 12.00
# Visual Studio Version 17
VisualStudioVersion = 17.11.35208.52
MinimumVisualStudioVersion = 10.0.40219.1
Project("{FAE04EC0-301F-11D3-BF4B-00C04F79EFBC}") = "RealtimeUsedMedaitRWithCQRSPattern", "RealtimeUsedMedaitRWithCQRSPattern\RealtimeUsedMedaitRWithCQRSPattern.csproj", "{49BEEB98-E2C6-4841-BAC9-D718279CF9A9}"
EndProject
Global
	GlobalSection(SolutionConfigurationPlatforms) = preSolution
		Debug|Any CPU = Debug|Any CPU
		Release|Any CPU = Release|Any CPU
	EndGlobalSection
	GlobalSection(ProjectConfigurationPlatforms) = postSolution
		{49BEEB98-E2C6-4841-BAC9-D718279CF9A9}.Debug|Any CPU.ActiveCfg = Debug|Any CPU
		{49BEEB98-E2C6-4841-BAC9-D718279CF9A9}.Debug|Any CPU.Build.0 = Debug|Any CPU
		{49BEEB98-E2C6-4841-BAC9-D718279CF9A9}.Release|Any CPU.ActiveCfg = Release|Any CPU
		{49BEEB98-E2C6-4841-BAC9-D718279CF9A9}.Release|Any CPU.Build.0 = Release|Any CPU
	EndGlobalSection
	GlobalSection(SolutionProperties) = preSolution
		HideSolutionNode = FALSE
	EndGlobalSection
	GlobalSection(ExtensibilityGlobals) = postSolution
		SolutionGuid = {1C349E9D-DD38-44D4-810A-6004EF7B8B9B}
	EndGlobalSection
EndGlobal
